
Microsoft Visual Studio Solution File, Format Version 12.00
# Visual Studio Version 17
VisualStudioVersion = 17.10.35004.147
MinimumVisualStudioVersion = 10.0.40219.1
Project("{FAE04EC0-301F-11D3-BF4B-00C04F79EFBC}") = "pharmacy", "pharmacy.csproj", "{89520E2B-B177-4B3A-96D0-9A74572F3B4E}"
EndProject
Project("{54435603-DBB4-11D2-8724-00A0C9A8B90C}") = "Ashraf Medical Pharmacy", "..\Ashraf Medical Pharmacy\Ashraf Medical Pharmacy.vdproj", "{AFD440B3-4786-443C-A456-53C71B7A3699}"
EndProject
Global
	GlobalSection(SolutionConfigurationPlatforms) = preSolution
		Debug|Any CPU = Debug|Any CPU
		Debug|x64 = Debug|x64
		Release|Any CPU = Release|Any CPU
		Release|x64 = Release|x64
	EndGlobalSection
	GlobalSection(ProjectConfigurationPlatforms) = postSolution
		{89520E2B-B177-4B3A-96D0-9A74572F3B4E}.Debug|Any CPU.ActiveCfg = Debug|Any CPU
		{89520E2B-B177-4B3A-96D0-9A74572F3B4E}.Debug|Any CPU.Build.0 = Debug|Any CPU
		{89520E2B-B177-4B3A-96D0-9A74572F3B4E}.Debug|x64.ActiveCfg = Debug|x64
		{89520E2B-B177-4B3A-96D0-9A74572F3B4E}.Debug|x64.Build.0 = Debug|x64
		{89520E2B-B177-4B3A-96D0-9A74572F3B4E}.Release|Any CPU.ActiveCfg = Release|Any CPU
		{89520E2B-B177-4B3A-96D0-9A74572F3B4E}.Release|Any CPU.Build.0 = Release|Any CPU
		{89520E2B-B177-4B3A-96D0-9A74572F3B4E}.Release|x64.ActiveCfg = Release|x64
		{89520E2B-B177-4B3A-96D0-9A74572F3B4E}.Release|x64.Build.0 = Release|x64
		{AFD440B3-4786-443C-A456-53C71B7A3699}.Debug|Any CPU.ActiveCfg = Debug
		{AFD440B3-4786-443C-A456-53C71B7A3699}.Debug|x64.ActiveCfg = Debug
		{AFD440B3-4786-443C-A456-53C71B7A3699}.Release|Any CPU.ActiveCfg = Release
		{AFD440B3-4786-443C-A456-53C71B7A3699}.Release|x64.ActiveCfg = Release
	EndGlobalSection
	GlobalSection(SolutionProperties) = preSolution
		HideSolutionNode = FALSE
	EndGlobalSection
	GlobalSection(ExtensibilityGlobals) = postSolution
		SolutionGuid = {8B666FB5-88A3-47D6-BC33-3DE3C13024FC}
	EndGlobalSection
EndGlobal
